{
	"name": "simple_page_builder",
	"version": "1.0.0",
	"lockfileVersion": 3,
	"requires": true,
	"packages": {
		"": {
			"name": "simple_page_builder",
			"version": "1.0.0",
			"license": "MIT",
			"dependencies": {
				"commander": "^10.0.0",
				"fs.realpath": "^1.0.0"
			}
		},
		"node_modules/commander": {
			"version": "10.0.0",
			"resolved": "https://registry.npmjs.org/commander/-/commander-10.0.0.tgz",
			"integrity": "sha512-zS5PnTI22FIRM6ylNW8G4Ap0IEOyk62fhLSD0+uHRT9McRCLGpkVNvao4bjimpK/GShynyQkFFxHhwMcETmduA==",
			"engines": {
				"node": ">=14"
			}
		},
		"node_modules/fs.realpath": {
			"version": "1.0.0",
			"resolved": "https://registry.npmjs.org/fs.realpath/-/fs.realpath-1.0.0.tgz",
			"integrity": "sha512-OO0pH2lK6a0hZnAdau5ItzHPI6pUlvI7jMVnxUQRtw4owF2wk8lOSabtGDCTP4Ggrg2MbGnWO9X8K1t4+fGMDw=="
		}
	}
}
